{"is_source_file": false, "format": "", "description": "", "external_files": [], "external_methods": [], "published": [], "classes": [], "methods": [], "calls": [], "search-terms": [], "state": 2, "file_id": 66, "knowledge_revision": 193, "git_revision": "", "hash": "561fa6c1a233a98709fe7a4854a6dbbd", "format-version": 4, "code-base-name": "default", "filename": "tic_tac_toe_frontend_workspace/tic_tac_toe_frontend/macos/Runner.xcodeproj/project.pbxproj", "revision_history": [{"193": ""}]}