{"is_source_file": false, "format": "", "description": "", "external_files": [], "external_methods": [], "published": [], "classes": [], "methods": [], "calls": [], "search-terms": [], "state": 2, "file_id": 64, "knowledge_revision": 191, "git_revision": "", "hash": "4134ad3fbbfe85de3743ec1ae17adbf4", "format-version": 4, "code-base-name": "default", "filename": "tic_tac_toe_frontend_workspace/tic_tac_toe_frontend/macos/Runner.xcodeproj/xcshareddata/xcschemes/Runner.xcscheme", "revision_history": [{"191": ""}]}