{"is_source_file": false, "format": "", "description": "", "external_files": [], "external_methods": [], "published": [], "classes": [], "methods": [], "calls": [], "search-terms": [], "state": 2, "file_id": 26, "knowledge_revision": 159, "git_revision": "", "hash": "fe4c1b17910bcf2738bc7d4ed110d086", "format-version": 4, "code-base-name": "default", "filename": "tic_tac_toe_frontend_workspace/tic_tac_toe_frontend/pubspec.lock", "revision_history": [{"159": ""}]}