{"is_source_file": false, "format": null, "description": null, "external_files": [], "external_methods": [], "published": [], "classes": [], "methods": [], "calls": [], "search-terms": [], "state": 2, "file_id": 94, "knowledge_revision": 227, "git_revision": "", "hash": "3e088bc3ef2b27e72da13a5f953edd64", "format-version": 4, "code-base-name": "default", "filename": "tic_tac_toe_frontend_workspace/tic_tac_toe_frontend/ios/Runner.xcodeproj/xcshareddata/xcschemes/Runner.xcscheme", "revision_history": [{"227": ""}]}