{"is_source_file": false, "format": "", "description": "", "external_files": [], "external_methods": [], "published": [], "classes": [], "methods": [], "calls": [], "search-terms": [], "state": 2, "file_id": 98, "knowledge_revision": 234, "git_revision": "", "hash": "8b1465676a600ca19f07aa48dfd617e9", "format-version": 4, "code-base-name": "default", "filename": "tic_tac_toe_frontend_workspace/tic_tac_toe_frontend/ios/Runner.xcodeproj/project.pbxproj", "revision_history": [{"234": ""}]}